
Microsoft Visual Studio Solution File, Format Version 12.00
# Visual Studio 2013
VisualStudioVersion = 12.0.31101.0
MinimumVisualStudioVersion = 10.0.40219.1
Project("{2150E333-8FDC-42A3-9474-1A3956D46DE8}") = "src", "src", "{4503050B-E8AC-4BA9-8CEA-1C532CBFDF28}"
EndProject
Project("{2150E333-8FDC-42A3-9474-1A3956D46DE8}") = "test", "test", "{83A23870-DBC2-4D68-B35F-227C695F0A1E}"
EndProject
Project("{FAE04EC0-301F-11D3-BF4B-00C04F79EFBC}") = "Psns.Common.Mvc.ViewBuilding", "src\Psns.Common.Mvc.ViewBuilding\Psns.Common.Mvc.ViewBuilding.csproj", "{ADC2082D-05D8-4471-B413-D6882DE7AECB}"
EndProject
Project("{FAE04EC0-301F-11D3-BF4B-00C04F79EFBC}") = "ViewBuilding.UnitTests", "test\ViewBuilding.UnitTests\ViewBuilding.UnitTests.csproj", "{6B4862C1-633B-4EDC-B64B-D78FA506572D}"
EndProject
Project("{2150E333-8FDC-42A3-9474-1A3956D46DE8}") = "Solution Items", "Solution Items", "{692F514C-9D7C-4FD3-89D5-516BD06F1456}"
	ProjectSection(SolutionItems) = preProject
		45Build.proj = 45Build.proj
		build.bat = build.bat
		Build.proj = Build.proj
		LICENSE.md = LICENSE.md
		README.md = README.md
	EndProjectSection
EndProject
Global
	GlobalSection(SolutionConfigurationPlatforms) = preSolution
		Debug|Any CPU = Debug|Any CPU
		Release|Any CPU = Release|Any CPU
	EndGlobalSection
	GlobalSection(ProjectConfigurationPlatforms) = postSolution
		{ADC2082D-05D8-4471-B413-D6882DE7AECB}.Debug|Any CPU.ActiveCfg = Debug|Any CPU
		{ADC2082D-05D8-4471-B413-D6882DE7AECB}.Debug|Any CPU.Build.0 = Debug|Any CPU
		{ADC2082D-05D8-4471-B413-D6882DE7AECB}.Release|Any CPU.ActiveCfg = Release|Any CPU
		{ADC2082D-05D8-4471-B413-D6882DE7AECB}.Release|Any CPU.Build.0 = Release|Any CPU
		{6B4862C1-633B-4EDC-B64B-D78FA506572D}.Debug|Any CPU.ActiveCfg = Debug|Any CPU
		{6B4862C1-633B-4EDC-B64B-D78FA506572D}.Debug|Any CPU.Build.0 = Debug|Any CPU
		{6B4862C1-633B-4EDC-B64B-D78FA506572D}.Release|Any CPU.ActiveCfg = Release|Any CPU
		{6B4862C1-633B-4EDC-B64B-D78FA506572D}.Release|Any CPU.Build.0 = Release|Any CPU
	EndGlobalSection
	GlobalSection(SolutionProperties) = preSolution
		HideSolutionNode = FALSE
	EndGlobalSection
	GlobalSection(NestedProjects) = preSolution
		{ADC2082D-05D8-4471-B413-D6882DE7AECB} = {4503050B-E8AC-4BA9-8CEA-1C532CBFDF28}
		{6B4862C1-633B-4EDC-B64B-D78FA506572D} = {83A23870-DBC2-4D68-B35F-227C695F0A1E}
	EndGlobalSection
EndGlobal
